
Microsoft Visual Studio Solution File, Format Version 12.00
# Visual Studio Version 16
VisualStudioVersion = 16.0.30523.141
MinimumVisualStudioVersion = 10.0.40219.1
Project("{2150E333-8FDC-42A3-9474-1A3956D46DE8}") = "src", "src", "{0F332A50-A620-494A-890D-ACB6A967F87D}"
EndProject
Project("{FAE04EC0-301F-11D3-BF4B-00C04F79EFBC}") = "ZTYS.Backend.Mobile.BFF", "src\ZTYS.Backend.Mobile.BFF\ZTYS.Backend.Mobile.BFF.csproj", "{48A8472A-EBA2-45A1-B590-D0DB29133220}"
EndProject
Global
	GlobalSection(SolutionConfigurationPlatforms) = preSolution
		Debug|Any CPU = Debug|Any CPU
		Release|Any CPU = Release|Any CPU
	EndGlobalSection
	GlobalSection(ProjectConfigurationPlatforms) = postSolution
		{48A8472A-EBA2-45A1-B590-D0DB29133220}.Debug|Any CPU.ActiveCfg = Debug|Any CPU
		{48A8472A-EBA2-45A1-B590-D0DB29133220}.Debug|Any CPU.Build.0 = Debug|Any CPU
		{48A8472A-EBA2-45A1-B590-D0DB29133220}.Release|Any CPU.ActiveCfg = Release|Any CPU
		{48A8472A-EBA2-45A1-B590-D0DB29133220}.Release|Any CPU.Build.0 = Release|Any CPU
	EndGlobalSection
	GlobalSection(SolutionProperties) = preSolution
		HideSolutionNode = FALSE
	EndGlobalSection
	GlobalSection(NestedProjects) = preSolution
		{48A8472A-EBA2-45A1-B590-D0DB29133220} = {0F332A50-A620-494A-890D-ACB6A967F87D}
	EndGlobalSection
	GlobalSection(ExtensibilityGlobals) = postSolution
		SolutionGuid = {DB76D9D2-5030-4BCB-8267-8167B09B45C8}
	EndGlobalSection
EndGlobal
